
Microsoft Visual Studio Solution File, Format Version 12.00
# Visual Studio Version 17
VisualStudioVersion = 17.4.33403.182
MinimumVisualStudioVersion = 10.0.40219.1
Project("{9A19103F-16F7-4668-BE54-9A1E7A4F7556}") = "Entities", "Entities\Entities.csproj", "{8568F618-00E7-48E3-AAFE-0CE224FA9A32}"
EndProject
Project("{9A19103F-16F7-4668-BE54-9A1E7A4F7556}") = "DataAccess", "DataAccess\DataAccess.csproj", "{660B9EC6-548C-49CB-B354-1C86FEB4CC75}"
EndProject
Project("{9A19103F-16F7-4668-BE54-9A1E7A4F7556}") = "Business", "Business\Business.csproj", "{341130A7-2CF0-4319-8051-70568AB55CD2}"
EndProject
Project("{9A19103F-16F7-4668-BE54-9A1E7A4F7556}") = "Core", "Core\Core.csproj", "{B3F49FD7-D21A-4255-8811-B358F6C62611}"
EndProject
Project("{FAE04EC0-301F-11D3-BF4B-00C04F79EFBC}") = "WebAPI", "WebAPI\WebAPI.csproj", "{E5E05739-C905-4AB9-9B92-6446AA2DFAEA}"
EndProject
Global
	GlobalSection(SolutionConfigurationPlatforms) = preSolution
		Debug|Any CPU = Debug|Any CPU
		Release|Any CPU = Release|Any CPU
	EndGlobalSection
	GlobalSection(ProjectConfigurationPlatforms) = postSolution
		{8568F618-00E7-48E3-AAFE-0CE224FA9A32}.Debug|Any CPU.ActiveCfg = Debug|Any CPU
		{8568F618-00E7-48E3-AAFE-0CE224FA9A32}.Debug|Any CPU.Build.0 = Debug|Any CPU
		{8568F618-00E7-48E3-AAFE-0CE224FA9A32}.Release|Any CPU.ActiveCfg = Release|Any CPU
		{8568F618-00E7-48E3-AAFE-0CE224FA9A32}.Release|Any CPU.Build.0 = Release|Any CPU
		{660B9EC6-548C-49CB-B354-1C86FEB4CC75}.Debug|Any CPU.ActiveCfg = Debug|Any CPU
		{660B9EC6-548C-49CB-B354-1C86FEB4CC75}.Debug|Any CPU.Build.0 = Debug|Any CPU
		{660B9EC6-548C-49CB-B354-1C86FEB4CC75}.Release|Any CPU.ActiveCfg = Release|Any CPU
		{660B9EC6-548C-49CB-B354-1C86FEB4CC75}.Release|Any CPU.Build.0 = Release|Any CPU
		{341130A7-2CF0-4319-8051-70568AB55CD2}.Debug|Any CPU.ActiveCfg = Debug|Any CPU
		{341130A7-2CF0-4319-8051-70568AB55CD2}.Debug|Any CPU.Build.0 = Debug|Any CPU
		{341130A7-2CF0-4319-8051-70568AB55CD2}.Release|Any CPU.ActiveCfg = Release|Any CPU
		{341130A7-2CF0-4319-8051-70568AB55CD2}.Release|Any CPU.Build.0 = Release|Any CPU
		{B3F49FD7-D21A-4255-8811-B358F6C62611}.Debug|Any CPU.ActiveCfg = Debug|Any CPU
		{B3F49FD7-D21A-4255-8811-B358F6C62611}.Debug|Any CPU.Build.0 = Debug|Any CPU
		{B3F49FD7-D21A-4255-8811-B358F6C62611}.Release|Any CPU.ActiveCfg = Release|Any CPU
		{B3F49FD7-D21A-4255-8811-B358F6C62611}.Release|Any CPU.Build.0 = Release|Any CPU
		{E5E05739-C905-4AB9-9B92-6446AA2DFAEA}.Debug|Any CPU.ActiveCfg = Debug|Any CPU
		{E5E05739-C905-4AB9-9B92-6446AA2DFAEA}.Debug|Any CPU.Build.0 = Debug|Any CPU
		{E5E05739-C905-4AB9-9B92-6446AA2DFAEA}.Release|Any CPU.ActiveCfg = Release|Any CPU
		{E5E05739-C905-4AB9-9B92-6446AA2DFAEA}.Release|Any CPU.Build.0 = Release|Any CPU
	EndGlobalSection
	GlobalSection(SolutionProperties) = preSolution
		HideSolutionNode = FALSE
	EndGlobalSection
	GlobalSection(ExtensibilityGlobals) = postSolution
		SolutionGuid = {1FED7CB7-D932-42F6-B2E3-322DF1003DE9}
	EndGlobalSection
EndGlobal
